// !$*UTF8*$!
{
	archiveVersion = 1;
	classes = {
	};
	objectVersion = 55;
	objects = {

/* Begin PBXBuildFile section */
		5F1E4E5A277F132C001535E5 /* Tabbar.swift in Sources */ = {isa = PBXBuildFile; fileRef = 5F1E4E59277F132C001535E5 /* Tabbar.swift */; };
		5F509C61278B3255007F98E4 /* PickerExample.swift in Sources */ = {isa = PBXBuildFile; fileRef = 5F509C60278B3255007F98E4 /* PickerExample.swift */; };
		5FB484D6277DFA6F00040486 /* Instrument.swift in Sources */ = {isa = PBXBuildFile; fileRef = 5FB484D5277DFA6F00040486 /* Instrument.swift */; };
		5FBBA53F277CB3D400CA81CD /* SwiftUIExamplesApp.swift in Sources */ = {isa = PBXBuildFile; fileRef = 5FBBA53E277CB3D400CA81CD /* SwiftUIExamplesApp.swift */; };
		5FBBA541277CB3D400CA81CD /* ContentView.swift in Sources */ = {isa = PBXBuildFile; fileRef = 5FBBA540277CB3D400CA81CD /* ContentView.swift */; };
		5FBBA543277CB3D500CA81CD /* Assets.xcassets in Resources */ = {isa = PBXBuildFile; fileRef = 5FBBA542277CB3D500CA81CD /* Assets.xcassets */; };
		5FBBA546277CB3D500CA81CD /* Preview Assets.xcassets in Resources */ = {isa = PBXBuildFile; fileRef = 5FBBA545277CB3D500CA81CD /* Preview Assets.xcassets */; };
		5FBBA54D277CB40700CA81CD /* GeometryReaderDetail.swift in Sources */ = {isa = PBXBuildFile; fileRef = 5FBBA54C277CB40700CA81CD /* GeometryReaderDetail.swift */; };
		5FBBA54F277CB51100CA81CD /* MyRoundedCorners.swift in Sources */ = {isa = PBXBuildFile; fileRef = 5FBBA54E277CB51100CA81CD /* MyRoundedCorners.swift */; };
		5FBBA551277CB54300CA81CD /* PreferenceKeyExample.swift in Sources */ = {isa = PBXBuildFile; fileRef = 5FBBA550277CB54300CA81CD /* PreferenceKeyExample.swift */; };
		5FBBA553277CB58200CA81CD /* EquatableExample.swift in Sources */ = {isa = PBXBuildFile; fileRef = 5FBBA552277CB58200CA81CD /* EquatableExample.swift */; };
/* End PBXBuildFile section */

/* Begin PBXFileReference section */
		5F1E4E59277F132C001535E5 /* Tabbar.swift */ = {isa = PBXFileReference; lastKnownFileType = sourcecode.swift; path = Tabbar.swift; sourceTree = "<group>"; };
		5F509C60278B3255007F98E4 /* PickerExample.swift */ = {isa = PBXFileReference; lastKnownFileType = sourcecode.swift; path = PickerExample.swift; sourceTree = "<group>"; };
		5FB484D5277DFA6F00040486 /* Instrument.swift */ = {isa = PBXFileReference; lastKnownFileType = sourcecode.swift; path = Instrument.swift; sourceTree = "<group>"; };
		5FBBA53B277CB3D400CA81CD /* SwiftUIExamples.app */ = {isa = PBXFileReference; explicitFileType = wrapper.application; includeInIndex = 0; path = SwiftUIExamples.app; sourceTree = BUILT_PRODUCTS_DIR; };
		5FBBA53E277CB3D400CA81CD /* SwiftUIExamplesApp.swift */ = {isa = PBXFileReference; lastKnownFileType = sourcecode.swift; path = SwiftUIExamplesApp.swift; sourceTree = "<group>"; };
		5FBBA540277CB3D400CA81CD /* ContentView.swift */ = {isa = PBXFileReference; lastKnownFileType = sourcecode.swift; path = ContentView.swift; sourceTree = "<group>"; };
		5FBBA542277CB3D500CA81CD /* Assets.xcassets */ = {isa = PBXFileReference; lastKnownFileType = folder.assetcatalog; path = Assets.xcassets; sourceTree = "<group>"; };
		5FBBA545277CB3D500CA81CD /* Preview Assets.xcassets */ = {isa = PBXFileReference; lastKnownFileType = folder.assetcatalog; path = "Preview Assets.xcassets"; sourceTree = "<group>"; };
		5FBBA54C277CB40700CA81CD /* GeometryReaderDetail.swift */ = {isa = PBXFileReference; lastKnownFileType = sourcecode.swift; path = GeometryReaderDetail.swift; sourceTree = "<group>"; };
		5FBBA54E277CB51100CA81CD /* MyRoundedCorners.swift */ = {isa = PBXFileReference; lastKnownFileType = sourcecode.swift; path = MyRoundedCorners.swift; sourceTree = "<group>"; };
		5FBBA550277CB54300CA81CD /* PreferenceKeyExample.swift */ = {isa = PBXFileReference; lastKnownFileType = sourcecode.swift; path = PreferenceKeyExample.swift; sourceTree = "<group>"; };
		5FBBA552277CB58200CA81CD /* EquatableExample.swift */ = {isa = PBXFileReference; lastKnownFileType = sourcecode.swift; path = EquatableExample.swift; sourceTree = "<group>"; };
/* End PBXFileReference section */

/* Begin PBXFrameworksBuildPhase section */
		5FBBA538277CB3D400CA81CD /* Frameworks */ = {
			isa = PBXFrameworksBuildPhase;
			buildActionMask = 2147483647;
			files = (
			);
			runOnlyForDeploymentPostprocessing = 0;
		};
/* End PBXFrameworksBuildPhase section */

/* Begin PBXGroup section */
		5FBBA532277CB3D400CA81CD = {
			isa = PBXGroup;
			children = (
				5FBBA53D277CB3D400CA81CD /* SwiftUIExamples */,
				5FBBA53C277CB3D400CA81CD /* Products */,
			);
			sourceTree = "<group>";
		};
		5FBBA53C277CB3D400CA81CD /* Products */ = {
			isa = PBXGroup;
			children = (
				5FBBA53B277CB3D400CA81CD /* SwiftUIExamples.app */,
			);
			name = Products;
			sourceTree = "<group>";
		};
		5FBBA53D277CB3D400CA81CD /* SwiftUIExamples */ = {
			isa = PBXGroup;
			children = (
				5FBBA544277CB3D500CA81CD /* Preview Content */,
				5FBBA53E277CB3D400CA81CD /* SwiftUIExamplesApp.swift */,
				5FBBA540277CB3D400CA81CD /* ContentView.swift */,
				5FBBA542277CB3D500CA81CD /* Assets.xcassets */,
				5FBBA552277CB58200CA81CD /* EquatableExample.swift */,
				5FBBA550277CB54300CA81CD /* PreferenceKeyExample.swift */,
				5FBBA54E277CB51100CA81CD /* MyRoundedCorners.swift */,
				5FBBA54C277CB40700CA81CD /* GeometryReaderDetail.swift */,
				5FB484D5277DFA6F00040486 /* Instrument.swift */,
				5F1E4E59277F132C001535E5 /* Tabbar.swift */,
				5F509C60278B3255007F98E4 /* PickerExample.swift */,
			);
			path = SwiftUIExamples;
			sourceTree = "<group>";
		};
		5FBBA544277CB3D500CA81CD /* Preview Content */ = {
			isa = PBXGroup;
			children = (
				5FBBA545277CB3D500CA81CD /* Preview Assets.xcassets */,
			);
			path = "Preview Content";
			sourceTree = "<group>";
		};
/* End PBXGroup section */

/* Begin PBXNativeTarget section */
		5FBBA53A277CB3D400CA81CD /* SwiftUIExamples */ = {
			isa = PBXNativeTarget;
			buildConfigurationList = 5FBBA549277CB3D500CA81CD /* Build configuration list for PBXNativeTarget "SwiftUIExamples" */;
			buildPhases = (
				5FBBA537277CB3D400CA81CD /* Sources */,
				5FBBA538277CB3D400CA81CD /* Frameworks */,
				5FBBA539277CB3D400CA81CD /* Resources */,
			);
			buildRules = (
			);
			dependencies = (
			);
			name = SwiftUIExamples;
			productName = SwiftUIExamples;
			productReference = 5FBBA53B277CB3D400CA81CD /* SwiftUIExamples.app */;
			productType = "com.apple.product-type.application";
		};
/* End PBXNativeTarget section */

/* Begin PBXProject section */
		5FBBA533277CB3D400CA81CD /* Project object */ = {
			isa = PBXProject;
			attributes = {
				BuildIndependentTargetsInParallel = 1;
				LastSwiftUpdateCheck = 1320;
				LastUpgradeCheck = 1320;
				TargetAttributes = {
					5FBBA53A277CB3D400CA81CD = {
						CreatedOnToolsVersion = 13.2;
					};
				};
			};
			buildConfigurationList = 5FBBA536277CB3D400CA81CD /* Build configuration list for PBXProject "SwiftUIExamples" */;
			compatibilityVersion = "Xcode 13.0";
			developmentRegion = en;
			hasScannedForEncodings = 0;
			knownRegions = (
				en,
				Base,
			);
			mainGroup = 5FBBA532277CB3D400CA81CD;
			productRefGroup = 5FBBA53C277CB3D400CA81CD /* Products */;
			projectDirPath = "";
			projectRoot = "";
			targets = (
				5FBBA53A277CB3D400CA81CD /* SwiftUIExamples */,
			);
		};
/* End PBXProject section */

/* Begin PBXResourcesBuildPhase section */
		5FBBA539277CB3D400CA81CD /* Resources */ = {
			isa = PBXResourcesBuildPhase;
			buildActionMask = 2147483647;
			files = (
				5FBBA546277CB3D500CA81CD /* Preview Assets.xcassets in Resources */,
				5FBBA543277CB3D500CA81CD /* Assets.xcassets in Resources */,
			);
			runOnlyForDeploymentPostprocessing = 0;
		};
/* End PBXResourcesBuildPhase section */

/* Begin PBXSourcesBuildPhase section */
		5FBBA537277CB3D400CA81CD /* Sources */ = {
			isa = PBXSourcesBuildPhase;
			buildActionMask = 2147483647;
			files = (
				5F509C61278B3255007F98E4 /* PickerExample.swift in Sources */,
				5FBBA54F277CB51100CA81CD /* MyRoundedCorners.swift in Sources */,
				5FBBA541277CB3D400CA81CD /* ContentView.swift in Sources */,
				5FBBA53F277CB3D400CA81CD /* SwiftUIExamplesApp.swift in Sources */,
				5F1E4E5A277F132C001535E5 /* Tabbar.swift in Sources */,
				5FBBA551277CB54300CA81CD /* PreferenceKeyExample.swift in Sources */,
				5FB484D6277DFA6F00040486 /* Instrument.swift in Sources */,
				5FBBA54D277CB40700CA81CD /* GeometryReaderDetail.swift in Sources */,
				5FBBA553277CB58200CA81CD /* EquatableExample.swift in Sources */,
			);
			runOnlyForDeploymentPostprocessing = 0;
		};
/* End PBXSourcesBuildPhase section */

/* Begin XCBuildConfiguration section */
		5FBBA547277CB3D500CA81CD /* Debug */ = {
			isa = XCBuildConfiguration;
			buildSettings = {
				ALWAYS_SEARCH_USER_PATHS = NO;
				CLANG_ANALYZER_NONNULL = YES;
				CLANG_ANALYZER_NUMBER_OBJECT_CONVERSION = YES_AGGRESSIVE;
				CLANG_CXX_LANGUAGE_STANDARD = "gnu++17";
				CLANG_CXX_LIBRARY = "libc++";
				CLANG_ENABLE_MODULES = YES;
				CLANG_ENABLE_OBJC_ARC = YES;
				CLANG_ENABLE_OBJC_WEAK = YES;
				CLANG_WARN_BLOCK_CAPTURE_AUTORELEASING = YES;
				CLANG_WARN_BOOL_CONVERSION = YES;
				CLANG_WARN_COMMA = YES;
				CLANG_WARN_CONSTANT_CONVERSION = YES;
				CLANG_WARN_DEPRECATED_OBJC_IMPLEMENTATIONS = YES;
				CLANG_WARN_DIRECT_OBJC_ISA_USAGE = YES_ERROR;
				CLANG_WARN_DOCUMENTATION_COMMENTS = YES;
				CLANG_WARN_EMPTY_BODY = YES;
				CLANG_WARN_ENUM_CONVERSION = YES;
				CLANG_WARN_INFINITE_RECURSION = YES;
				CLANG_WARN_INT_CONVERSION = YES;
				CLANG_WARN_NON_LITERAL_NULL_CONVERSION = YES;
				CLANG_WARN_OBJC_IMPLICIT_RETAIN_SELF = YES;
				CLANG_WARN_OBJC_LITERAL_CONVERSION = YES;
				CLANG_WARN_OBJC_ROOT_CLASS = YES_ERROR;
				CLANG_WARN_QUOTED_INCLUDE_IN_FRAMEWORK_HEADER = YES;
				CLANG_WARN_RANGE_LOOP_ANALYSIS = YES;
				CLANG_WARN_STRICT_PROTOTYPES = YES;
				CLANG_WARN_SUSPICIOUS_MOVE = YES;
				CLANG_WARN_UNGUARDED_AVAILABILITY = YES_AGGRESSIVE;
				CLANG_WARN_UNREACHABLE_CODE = YES;
				CLANG_WARN__DUPLICATE_METHOD_MATCH = YES;
				COPY_PHASE_STRIP = NO;
				DEBUG_INFORMATION_FORMAT = dwarf;
				ENABLE_STRICT_OBJC_MSGSEND = YES;
				ENABLE_TESTABILITY = YES;
				GCC_C_LANGUAGE_STANDARD = gnu11;
				GCC_DYNAMIC_NO_PIC = NO;
				GCC_NO_COMMON_BLOCKS = YES;
				GCC_OPTIMIZATION_LEVEL = 0;
				GCC_PREPROCESSOR_DEFINITIONS = (
					"DEBUG=1",
					"$(inherited)",
				);
				GCC_WARN_64_TO_32_BIT_CONVERSION = YES;
				GCC_WARN_ABOUT_RETURN_TYPE = YES_ERROR;
				GCC_WARN_UNDECLARED_SELECTOR = YES;
				GCC_WARN_UNINITIALIZED_AUTOS = YES_AGGRESSIVE;
				GCC_WARN_UNUSED_FUNCTION = YES;
				GCC_WARN_UNUSED_VARIABLE = YES;
				IPHONEOS_DEPLOYMENT_TARGET = 15.2;
				MTL_ENABLE_DEBUG_INFO = INCLUDE_SOURCE;
				MTL_FAST_MATH = YES;
				ONLY_ACTIVE_ARCH = YES;
				SDKROOT = iphoneos;
				SWIFT_ACTIVE_COMPILATION_CONDITIONS = DEBUG;
				SWIFT_OPTIMIZATION_LEVEL = "-Onone";
			};
			name = Debug;
		};
		5FBBA548277CB3D500CA81CD /* Release */ = {
			isa = XCBuildConfiguration;
			buildSettings = {
				ALWAYS_SEARCH_USER_PATHS = NO;
				CLANG_ANALYZER_NONNULL = YES;
				CLANG_ANALYZER_NUMBER_OBJECT_CONVERSION = YES_AGGRESSIVE;
				CLANG_CXX_LANGUAGE_STANDARD = "gnu++17";
				CLANG_CXX_LIBRARY = "libc++";
				CLANG_ENABLE_MODULES = YES;
				CLANG_ENABLE_OBJC_ARC = YES;
				CLANG_ENABLE_OBJC_WEAK = YES;
				CLANG_WARN_BLOCK_CAPTURE_AUTORELEASING = YES;
				CLANG_WARN_BOOL_CONVERSION = YES;
				CLANG_WARN_COMMA = YES;
				CLANG_WARN_CONSTANT_CONVERSION = YES;
				CLANG_WARN_DEPRECATED_OBJC_IMPLEMENTATIONS = YES;
				CLANG_WARN_DIRECT_OBJC_ISA_USAGE = YES_ERROR;
				CLANG_WARN_DOCUMENTATION_COMMENTS = YES;
				CLANG_WARN_EMPTY_BODY = YES;
				CLANG_WARN_ENUM_CONVERSION = YES;
				CLANG_WARN_INFINITE_RECURSION = YES;
				CLANG_WARN_INT_CONVERSION = YES;
				CLANG_WARN_NON_LITERAL_NULL_CONVERSION = YES;
				CLANG_WARN_OBJC_IMPLICIT_RETAIN_SELF = YES;
				CLANG_WARN_OBJC_LITERAL_CONVERSION = YES;
				CLANG_WARN_OBJC_ROOT_CLASS = YES_ERROR;
				CLANG_WARN_QUOTED_INCLUDE_IN_FRAMEWORK_HEADER = YES;
				CLANG_WARN_RANGE_LOOP_ANALYSIS = YES;
				CLANG_WARN_STRICT_PROTOTYPES = YES;
				CLANG_WARN_SUSPICIOUS_MOVE = YES;
				CLANG_WARN_UNGUARDED_AVAILABILITY = YES_AGGRESSIVE;
				CLANG_WARN_UNREACHABLE_CODE = YES;
				CLANG_WARN__DUPLICATE_METHOD_MATCH = YES;
				COPY_PHASE_STRIP = NO;
				DEBUG_INFORMATION_FORMAT = "dwarf-with-dsym";
				ENABLE_NS_ASSERTIONS = NO;
				ENABLE_STRICT_OBJC_MSGSEND = YES;
				GCC_C_LANGUAGE_STANDARD = gnu11;
				GCC_NO_COMMON_BLOCKS = YES;
				GCC_WARN_64_TO_32_BIT_CONVERSION = YES;
				GCC_WARN_ABOUT_RETURN_TYPE = YES_ERROR;
				GCC_WARN_UNDECLARED_SELECTOR = YES;
				GCC_WARN_UNINITIALIZED_AUTOS = YES_AGGRESSIVE;
				GCC_WARN_UNUSED_FUNCTION = YES;
				GCC_WARN_UNUSED_VARIABLE = YES;
				IPHONEOS_DEPLOYMENT_TARGET = 15.2;
				MTL_ENABLE_DEBUG_INFO = NO;
				MTL_FAST_MATH = YES;
				SDKROOT = iphoneos;
				SWIFT_COMPILATION_MODE = wholemodule;
				SWIFT_OPTIMIZATION_LEVEL = "-O";
				VALIDATE_PRODUCT = YES;
			};
			name = Release;
		};
		5FBBA54A277CB3D500CA81CD /* Debug */ = {
			isa = XCBuildConfiguration;
			buildSettings = {
				ASSETCATALOG_COMPILER_APPICON_NAME = AppIcon;
				ASSETCATALOG_COMPILER_GLOBAL_ACCENT_COLOR_NAME = AccentColor;
				CODE_SIGN_STYLE = Automatic;
				CURRENT_PROJECT_VERSION = 1;
				DEVELOPMENT_ASSET_PATHS = "\"SwiftUIExamples/Preview Content\"";
				DEVELOPMENT_TEAM = 7U8PWT3DF5;
				ENABLE_PREVIEWS = YES;
				GENERATE_INFOPLIST_FILE = YES;
				INFOPLIST_KEY_UIApplicationSceneManifest_Generation = YES;
				INFOPLIST_KEY_UIApplicationSupportsIndirectInputEvents = YES;
				INFOPLIST_KEY_UILaunchScreen_Generation = YES;
				INFOPLIST_KEY_UISupportedInterfaceOrientations_iPad = "UIInterfaceOrientationPortrait UIInterfaceOrientationPortraitUpsideDown UIInterfaceOrientationLandscapeLeft UIInterfaceOrientationLandscapeRight";
				INFOPLIST_KEY_UISupportedInterfaceOrientations_iPhone = "UIInterfaceOrientationPortrait UIInterfaceOrientationLandscapeLeft UIInterfaceOrientationLandscapeRight";
				LD_RUNPATH_SEARCH_PATHS = (
					"$(inherited)",
					"@executable_path/Frameworks",
				);
				MARKETING_VERSION = 1.0;
				PRODUCT_BUNDLE_IDENTIFIER = Giantslayer.SwiftUIExamples;
				PRODUCT_NAME = "$(TARGET_NAME)";
				SWIFT_EMIT_LOC_STRINGS = YES;
				SWIFT_VERSION = 5.0;
				TARGETED_DEVICE_FAMILY = "1,2";
			};
			name = Debug;
		};
		5FBBA54B277CB3D500CA81CD /* Release */ = {
			isa = XCBuildConfiguration;
			buildSettings = {
				ASSETCATALOG_COMPILER_APPICON_NAME = AppIcon;
				ASSETCATALOG_COMPILER_GLOBAL_ACCENT_COLOR_NAME = AccentColor;
				CODE_SIGN_STYLE = Automatic;
				CURRENT_PROJECT_VERSION = 1;
				DEVELOPMENT_ASSET_PATHS = "\"SwiftUIExamples/Preview Content\"";
				DEVELOPMENT_TEAM = 7U8PWT3DF5;
				ENABLE_PREVIEWS = YES;
				GENERATE_INFOPLIST_FILE = YES;
				INFOPLIST_KEY_UIApplicationSceneManifest_Generation = YES;
				INFOPLIST_KEY_UIApplicationSupportsIndirectInputEvents = YES;
				INFOPLIST_KEY_UILaunchScreen_Generation = YES;
				INFOPLIST_KEY_UISupportedInterfaceOrientations_iPad = "UIInterfaceOrientationPortrait UIInterfaceOrientationPortraitUpsideDown UIInterfaceOrientationLandscapeLeft UIInterfaceOrientationLandscapeRight";
				INFOPLIST_KEY_UISupportedInterfaceOrientations_iPhone = "UIInterfaceOrientationPortrait UIInterfaceOrientationLandscapeLeft UIInterfaceOrientationLandscapeRight";
				LD_RUNPATH_SEARCH_PATHS = (
					"$(inherited)",
					"@executable_path/Frameworks",
				);
				MARKETING_VERSION = 1.0;
				PRODUCT_BUNDLE_IDENTIFIER = Giantslayer.SwiftUIExamples;
				PRODUCT_NAME = "$(TARGET_NAME)";
				SWIFT_EMIT_LOC_STRINGS = YES;
				SWIFT_VERSION = 5.0;
				TARGETED_DEVICE_FAMILY = "1,2";
			};
			name = Release;
		};
/* End XCBuildConfiguration section */

/* Begin XCConfigurationList section */
		5FBBA536277CB3D400CA81CD /* Build configuration list for PBXProject "SwiftUIExamples" */ = {
			isa = XCConfigurationList;
			buildConfigurations = (
				5FBBA547277CB3D500CA81CD /* Debug */,
				5FBBA548277CB3D500CA81CD /* Release */,
			);
			defaultConfigurationIsVisible = 0;
			defaultConfigurationName = Release;
		};
		5FBBA549277CB3D500CA81CD /* Build configuration list for PBXNativeTarget "SwiftUIExamples" */ = {
			isa = XCConfigurationList;
			buildConfigurations = (
				5FBBA54A277CB3D500CA81CD /* Debug */,
				5FBBA54B277CB3D500CA81CD /* Release */,
			);
			defaultConfigurationIsVisible = 0;
			defaultConfigurationName = Release;
		};
/* End XCConfigurationList section */
	};
	rootObject = 5FBBA533277CB3D400CA81CD /* Project object */;
}
